
Microsoft Visual Studio Solution File, Format Version 12.00
# Visual Studio Version 17
VisualStudioVersion = 17.3.32922.545
MinimumVisualStudioVersion = 10.0.40219.1
Project("{FAE04EC0-301F-11D3-BF4B-00C04F79EFBC}") = "Zaklad", "Zaklad\Zaklad.csproj", "{FFDD46F0-94FC-493F-A0CF-2B4DEF5EAEB5}"
EndProject
Global
	GlobalSection(SolutionConfigurationPlatforms) = preSolution
		Debug|Any CPU = Debug|Any CPU
		Release|Any CPU = Release|Any CPU
	EndGlobalSection
	GlobalSection(ProjectConfigurationPlatforms) = postSolution
		{FFDD46F0-94FC-493F-A0CF-2B4DEF5EAEB5}.Debug|Any CPU.ActiveCfg = Debug|Any CPU
		{FFDD46F0-94FC-493F-A0CF-2B4DEF5EAEB5}.Debug|Any CPU.Build.0 = Debug|Any CPU
		{FFDD46F0-94FC-493F-A0CF-2B4DEF5EAEB5}.Release|Any CPU.ActiveCfg = Release|Any CPU
		{FFDD46F0-94FC-493F-A0CF-2B4DEF5EAEB5}.Release|Any CPU.Build.0 = Release|Any CPU
	EndGlobalSection
	GlobalSection(SolutionProperties) = preSolution
		HideSolutionNode = FALSE
	EndGlobalSection
	GlobalSection(ExtensibilityGlobals) = postSolution
		SolutionGuid = {896284B3-90F6-4AA9-8427-4DC6C5915266}
	EndGlobalSection
EndGlobal
